
Microsoft Visual Studio Solution File, Format Version 12.00
# Visual Studio 2012
Project("{FAE04EC0-301F-11D3-BF4B-00C04F79EFBC}") = "WCF_TaskBasedService", "WCF_TaskBasedService\WCF_TaskBasedService.csproj", "{8078976F-493B-4D64-8D88-F9CB6710CB0D}"
EndProject
Project("{FAE04EC0-301F-11D3-BF4B-00C04F79EFBC}") = "WPF_Client", "WPF_Client\WPF_Client.csproj", "{60091CF3-2CB7-431F-8AC9-14CDA56A3092}"
	ProjectSection(ProjectDependencies) = postProject
		{8078976F-493B-4D64-8D88-F9CB6710CB0D} = {8078976F-493B-4D64-8D88-F9CB6710CB0D}
	EndProjectSection
EndProject
Global
	GlobalSection(SolutionConfigurationPlatforms) = preSolution
		Debug|Any CPU = Debug|Any CPU
		Release|Any CPU = Release|Any CPU
	EndGlobalSection
	GlobalSection(ProjectConfigurationPlatforms) = postSolution
		{8078976F-493B-4D64-8D88-F9CB6710CB0D}.Debug|Any CPU.ActiveCfg = Debug|Any CPU
		{8078976F-493B-4D64-8D88-F9CB6710CB0D}.Debug|Any CPU.Build.0 = Debug|Any CPU
		{8078976F-493B-4D64-8D88-F9CB6710CB0D}.Release|Any CPU.ActiveCfg = Release|Any CPU
		{8078976F-493B-4D64-8D88-F9CB6710CB0D}.Release|Any CPU.Build.0 = Release|Any CPU
		{60091CF3-2CB7-431F-8AC9-14CDA56A3092}.Debug|Any CPU.ActiveCfg = Debug|Any CPU
		{60091CF3-2CB7-431F-8AC9-14CDA56A3092}.Debug|Any CPU.Build.0 = Debug|Any CPU
		{60091CF3-2CB7-431F-8AC9-14CDA56A3092}.Release|Any CPU.ActiveCfg = Release|Any CPU
		{60091CF3-2CB7-431F-8AC9-14CDA56A3092}.Release|Any CPU.Build.0 = Release|Any CPU
	EndGlobalSection
	GlobalSection(SolutionProperties) = preSolution
		HideSolutionNode = FALSE
	EndGlobalSection
EndGlobal
